{
  "name": "advent2021",
  "version": "1.0.0",
  "lockfileVersion": 2,
  "requires": true,
  "packages": {
    "": {
      "name": "advent2021",
      "version": "1.0.0",
      "license": "ISC",
      "dependencies": {
        "@rybr/lenses": "^1.0.23"
      }
    },
    "node_modules/@rybr/lenses": {
      "version": "1.0.23",
      "resolved": "https://registry.npmjs.org/@rybr/lenses/-/lenses-1.0.23.tgz",
      "integrity": "sha512-3hDzRBxDpCu1uZpZ9xkOOVbX17gYpX+yseTMpB+nC6gFjvUyg2LirZGRR3QgUoksISYy1BQA8UCKDkb74I3jaQ=="
    }
  },
  "dependencies": {
    "@rybr/lenses": {
      "version": "1.0.23",
      "resolved": "https://registry.npmjs.org/@rybr/lenses/-/lenses-1.0.23.tgz",
      "integrity": "sha512-3hDzRBxDpCu1uZpZ9xkOOVbX17gYpX+yseTMpB+nC6gFjvUyg2LirZGRR3QgUoksISYy1BQA8UCKDkb74I3jaQ=="
    }
  }
}
